dependencies:
  espressif/tinyusb:
    dependencies: []
    source:
      path: F:\C\Programming\MobileDevelopment\Projects\Android\BridgeOne\src\board\BridgeOne\components\espressif__tinyusb
      type: local
    version: 0.19.0~1
  idf:
    source:
      type: idf
    version: 5.5.1
direct_dependencies:
- espressif/tinyusb
- idf
manifest_hash: 2b854d0c67c177183a76b59500968804b916941401fab5a699b97c264bdfc5bf
target: esp32s3
version: 2.0.0
